// !$*UTF8*$!
{
	archiveVersion = 1;
	classes = {
	};
	objectVersion = 55;
	objects = {

/* Begin PBXBuildFile section */
		7EA7515D285201C60004B458 /* AppDelegate.swift in Sources */ = {isa = PBXBuildFile; fileRef = 7EA7515C285201C60004B458 /* AppDelegate.swift */; };
		7EA7515F285201C60004B458 /* SceneDelegate.swift in Sources */ = {isa = PBXBuildFile; fileRef = 7EA7515E285201C60004B458 /* SceneDelegate.swift */; };
		7EA75161285201C60004B458 /* ViewController.swift in Sources */ = {isa = PBXBuildFile; fileRef = 7EA75160285201C60004B458 /* ViewController.swift */; };
		7EA75164285201C60004B458 /* Main.storyboard in Resources */ = {isa = PBXBuildFile; fileRef = 7EA75162285201C60004B458 /* Main.storyboard */; };
		7EA75166285201C70004B458 /* Assets.xcassets in Resources */ = {isa = PBXBuildFile; fileRef = 7EA75165285201C70004B458 /* Assets.xcassets */; };
		7EA75169285201C70004B458 /* LaunchScreen.storyboard in Resources */ = {isa = PBXBuildFile; fileRef = 7EA75167285201C70004B458 /* LaunchScreen.storyboard */; };
		7EA75174285201C70004B458 /* MoviePlayerTests.swift in Sources */ = {isa = PBXBuildFile; fileRef = 7EA75173285201C70004B458 /* MoviePlayerTests.swift */; };
		7EA7517E285201C70004B458 /* MoviePlayerUITests.swift in Sources */ = {isa = PBXBuildFile; fileRef = 7EA7517D285201C70004B458 /* MoviePlayerUITests.swift */; };
		7EA75180285201C70004B458 /* MoviePlayerUITestsLaunchTests.swift in Sources */ = {isa = PBXBuildFile; fileRef = 7EA7517F285201C70004B458 /* MoviePlayerUITestsLaunchTests.swift */; };
		7EA7518F285202130004B458 /* FastTyping.jpg in Resources */ = {isa = PBXBuildFile; fileRef = 7EA7518C285202130004B458 /* FastTyping.jpg */; };
		7EA75190285202130004B458 /* FastTyping.mp4 in Resources */ = {isa = PBXBuildFile; fileRef = 7EA7518D285202130004B458 /* FastTyping.mp4 */; };
		7EA75191285202130004B458 /* Fireworks.jpg in Resources */ = {isa = PBXBuildFile; fileRef = 7EA7518E285202130004B458 /* Fireworks.jpg */; };
		7EA751932853304B0004B458 /* Mountaineering.jpg in Resources */ = {isa = PBXBuildFile; fileRef = 7EA751922853304B0004B458 /* Mountaineering.jpg */; };
		7EA75196285330640004B458 /* Seascape.jpg in Resources */ = {isa = PBXBuildFile; fileRef = 7EA75194285330640004B458 /* Seascape.jpg */; };
		7EA75197285330640004B458 /* Mountaineering.mov in Resources */ = {isa = PBXBuildFile; fileRef = 7EA75195285330640004B458 /* Mountaineering.mov */; };
/* End PBXBuildFile section */

/* Begin PBXContainerItemProxy section */
		7EA75170285201C70004B458 /* PBXContainerItemProxy */ = {
			isa = PBXContainerItemProxy;
			containerPortal = 7EA75151285201C60004B458 /* Project object */;
			proxyType = 1;
			remoteGlobalIDString = 7EA75158285201C60004B458;
			remoteInfo = MoviePlayer;
		};
		7EA7517A285201C70004B458 /* PBXContainerItemProxy */ = {
			isa = PBXContainerItemProxy;
			containerPortal = 7EA75151285201C60004B458 /* Project object */;
			proxyType = 1;
			remoteGlobalIDString = 7EA75158285201C60004B458;
			remoteInfo = MoviePlayer;
		};
/* End PBXContainerItemProxy section */

/* Begin PBXFileReference section */
		7EA75159285201C60004B458 /* MoviePlayer.app */ = {isa = PBXFileReference; explicitFileType = wrapper.application; includeInIndex = 0; path = MoviePlayer.app; sourceTree = BUILT_PRODUCTS_DIR; };
		7EA7515C285201C60004B458 /* AppDelegate.swift */ = {isa = PBXFileReference; lastKnownFileType = sourcecode.swift; path = AppDelegate.swift; sourceTree = "<group>"; };
		7EA7515E285201C60004B458 /* SceneDelegate.swift */ = {isa = PBXFileReference; lastKnownFileType = sourcecode.swift; path = SceneDelegate.swift; sourceTree = "<group>"; };
		7EA75160285201C60004B458 /* ViewController.swift */ = {isa = PBXFileReference; lastKnownFileType = sourcecode.swift; path = ViewController.swift; sourceTree = "<group>"; };
		7EA75163285201C60004B458 /* Base */ = {isa = PBXFileReference; lastKnownFileType = file.storyboard; name = Base; path = Base.lproj/Main.storyboard; sourceTree = "<group>"; };
		7EA75165285201C70004B458 /* Assets.xcassets */ = {isa = PBXFileReference; lastKnownFileType = folder.assetcatalog; path = Assets.xcassets; sourceTree = "<group>"; };
		7EA75168285201C70004B458 /* Base */ = {isa = PBXFileReference; lastKnownFileType = file.storyboard; name = Base; path = Base.lproj/LaunchScreen.storyboard; sourceTree = "<group>"; };
		7EA7516A285201C70004B458 /* Info.plist */ = {isa = PBXFileReference; lastKnownFileType = text.plist.xml; path = Info.plist; sourceTree = "<group>"; };
		7EA7516F285201C70004B458 /* MoviePlayerTests.xctest */ = {isa = PBXFileReference; explicitFileType = wrapper.cfbundle; includeInIndex = 0; path = MoviePlayerTests.xctest; sourceTree = BUILT_PRODUCTS_DIR; };
		7EA75173285201C70004B458 /* MoviePlayerTests.swift */ = {isa = PBXFileReference; lastKnownFileType = sourcecode.swift; path = MoviePlayerTests.swift; sourceTree = "<group>"; };
		7EA75179285201C70004B458 /* MoviePlayerUITests.xctest */ = {isa = PBXFileReference; explicitFileType = wrapper.cfbundle; includeInIndex = 0; path = MoviePlayerUITests.xctest; sourceTree = BUILT_PRODUCTS_DIR; };
		7EA7517D285201C70004B458 /* MoviePlayerUITests.swift */ = {isa = PBXFileReference; lastKnownFileType = sourcecode.swift; path = MoviePlayerUITests.swift; sourceTree = "<group>"; };
		7EA7517F285201C70004B458 /* MoviePlayerUITestsLaunchTests.swift */ = {isa = PBXFileReference; lastKnownFileType = sourcecode.swift; path = MoviePlayerUITestsLaunchTests.swift; sourceTree = "<group>"; };
		7EA7518C285202130004B458 /* FastTyping.jpg */ = {isa = PBXFileReference; lastKnownFileType = image.jpeg; name = FastTyping.jpg; path = "../../../../../Downloads/14장/본문실습미디어/FastTyping.jpg"; sourceTree = "<group>"; };
		7EA7518D285202130004B458 /* FastTyping.mp4 */ = {isa = PBXFileReference; lastKnownFileType = file; name = FastTyping.mp4; path = "../../../../../Downloads/14장/본문실습미디어/FastTyping.mp4"; sourceTree = "<group>"; };
		7EA7518E285202130004B458 /* Fireworks.jpg */ = {isa = PBXFileReference; lastKnownFileType = image.jpeg; name = Fireworks.jpg; path = "../../../../../Downloads/14장/본문실습미디어/Fireworks.jpg"; sourceTree = "<group>"; };
		7EA751922853304B0004B458 /* Mountaineering.jpg */ = {isa = PBXFileReference; lastKnownFileType = image.jpeg; name = Mountaineering.jpg; path = "../../../../../Downloads/14장/미션미디어/Mountaineering.jpg"; sourceTree = "<group>"; };
		7EA75194285330640004B458 /* Seascape.jpg */ = {isa = PBXFileReference; lastKnownFileType = image.jpeg; name = Seascape.jpg; path = "../../../../../Downloads/14장/미션미디어/Seascape.jpg"; sourceTree = "<group>"; };
		7EA75195285330640004B458 /* Mountaineering.mov */ = {isa = PBXFileReference; lastKnownFileType = video.quicktime; name = Mountaineering.mov; path = "../../../../../Downloads/14장/미션미디어/Mountaineering.mov"; sourceTree = "<group>"; };
/* End PBXFileReference section */

/* Begin PBXFrameworksBuildPhase section */
		7EA75156285201C60004B458 /* Frameworks */ = {
			isa = PBXFrameworksBuildPhase;
			buildActionMask = 2147483647;
			files = (
			);
			runOnlyForDeploymentPostprocessing = 0;
		};
		7EA7516C285201C70004B458 /* Frameworks */ = {
			isa = PBXFrameworksBuildPhase;
			buildActionMask = 2147483647;
			files = (
			);
			runOnlyForDeploymentPostprocessing = 0;
		};
		7EA75176285201C70004B458 /* Frameworks */ = {
			isa = PBXFrameworksBuildPhase;
			buildActionMask = 2147483647;
			files = (
			);
			runOnlyForDeploymentPostprocessing = 0;
		};
/* End PBXFrameworksBuildPhase section */

/* Begin PBXGroup section */
		7EA75150285201C60004B458 = {
			isa = PBXGroup;
			children = (
				7EA7515B285201C60004B458 /* MoviePlayer */,
				7EA75172285201C70004B458 /* MoviePlayerTests */,
				7EA7517C285201C70004B458 /* MoviePlayerUITests */,
				7EA7515A285201C60004B458 /* Products */,
			);
			sourceTree = "<group>";
		};
		7EA7515A285201C60004B458 /* Products */ = {
			isa = PBXGroup;
			children = (
				7EA75159285201C60004B458 /* MoviePlayer.app */,
				7EA7516F285201C70004B458 /* MoviePlayerTests.xctest */,
				7EA75179285201C70004B458 /* MoviePlayerUITests.xctest */,
			);
			name = Products;
			sourceTree = "<group>";
		};
		7EA7515B285201C60004B458 /* MoviePlayer */ = {
			isa = PBXGroup;
			children = (
				7EA75195285330640004B458 /* Mountaineering.mov */,
				7EA75194285330640004B458 /* Seascape.jpg */,
				7EA7518C285202130004B458 /* FastTyping.jpg */,
				7EA7518D285202130004B458 /* FastTyping.mp4 */,
				7EA7518E285202130004B458 /* Fireworks.jpg */,
				7EA751922853304B0004B458 /* Mountaineering.jpg */,
				7EA7515C285201C60004B458 /* AppDelegate.swift */,
				7EA7515E285201C60004B458 /* SceneDelegate.swift */,
				7EA75160285201C60004B458 /* ViewController.swift */,
				7EA75162285201C60004B458 /* Main.storyboard */,
				7EA75165285201C70004B458 /* Assets.xcassets */,
				7EA75167285201C70004B458 /* LaunchScreen.storyboard */,
				7EA7516A285201C70004B458 /* Info.plist */,
			);
			path = MoviePlayer;
			sourceTree = "<group>";
		};
		7EA75172285201C70004B458 /* MoviePlayerTests */ = {
			isa = PBXGroup;
			children = (
				7EA75173285201C70004B458 /* MoviePlayerTests.swift */,
			);
			path = MoviePlayerTests;
			sourceTree = "<group>";
		};
		7EA7517C285201C70004B458 /* MoviePlayerUITests */ = {
			isa = PBXGroup;
			children = (
				7EA7517D285201C70004B458 /* MoviePlayerUITests.swift */,
				7EA7517F285201C70004B458 /* MoviePlayerUITestsLaunchTests.swift */,
			);
			path = MoviePlayerUITests;
			sourceTree = "<group>";
		};
/* End PBXGroup section */

/* Begin PBXNativeTarget section */
		7EA75158285201C60004B458 /* MoviePlayer */ = {
			isa = PBXNativeTarget;
			buildConfigurationList = 7EA75183285201C70004B458 /* Build configuration list for PBXNativeTarget "MoviePlayer" */;
			buildPhases = (
				7EA75155285201C60004B458 /* Sources */,
				7EA75156285201C60004B458 /* Frameworks */,
				7EA75157285201C60004B458 /* Resources */,
			);
			buildRules = (
			);
			dependencies = (
			);
			name = MoviePlayer;
			productName = MoviePlayer;
			productReference = 7EA75159285201C60004B458 /* MoviePlayer.app */;
			productType = "com.apple.product-type.application";
		};
		7EA7516E285201C70004B458 /* MoviePlayerTests */ = {
			isa = PBXNativeTarget;
			buildConfigurationList = 7EA75186285201C70004B458 /* Build configuration list for PBXNativeTarget "MoviePlayerTests" */;
			buildPhases = (
				7EA7516B285201C70004B458 /* Sources */,
				7EA7516C285201C70004B458 /* Frameworks */,
				7EA7516D285201C70004B458 /* Resources */,
			);
			buildRules = (
			);
			dependencies = (
				7EA75171285201C70004B458 /* PBXTargetDependency */,
			);
			name = MoviePlayerTests;
			productName = MoviePlayerTests;
			productReference = 7EA7516F285201C70004B458 /* MoviePlayerTests.xctest */;
			productType = "com.apple.product-type.bundle.unit-test";
		};
		7EA75178285201C70004B458 /* MoviePlayerUITests */ = {
			isa = PBXNativeTarget;
			buildConfigurationList = 7EA75189285201C70004B458 /* Build configuration list for PBXNativeTarget "MoviePlayerUITests" */;
			buildPhases = (
				7EA75175285201C70004B458 /* Sources */,
				7EA75176285201C70004B458 /* Frameworks */,
				7EA75177285201C70004B458 /* Resources */,
			);
			buildRules = (
			);
			dependencies = (
				7EA7517B285201C70004B458 /* PBXTargetDependency */,
			);
			name = MoviePlayerUITests;
			productName = MoviePlayerUITests;
			productReference = 7EA75179285201C70004B458 /* MoviePlayerUITests.xctest */;
			productType = "com.apple.product-type.bundle.ui-testing";
		};
/* End PBXNativeTarget section */

/* Begin PBXProject section */
		7EA75151285201C60004B458 /* Project object */ = {
			isa = PBXProject;
			attributes = {
				BuildIndependentTargetsInParallel = 1;
				LastSwiftUpdateCheck = 1340;
				LastUpgradeCheck = 1340;
				TargetAttributes = {
					7EA75158285201C60004B458 = {
						CreatedOnToolsVersion = 13.4;
					};
					7EA7516E285201C70004B458 = {
						CreatedOnToolsVersion = 13.4;
						TestTargetID = 7EA75158285201C60004B458;
					};
					7EA75178285201C70004B458 = {
						CreatedOnToolsVersion = 13.4;
						TestTargetID = 7EA75158285201C60004B458;
					};
				};
			};
			buildConfigurationList = 7EA75154285201C60004B458 /* Build configuration list for PBXProject "MoviePlayer" */;
			compatibilityVersion = "Xcode 13.0";
			developmentRegion = en;
			hasScannedForEncodings = 0;
			knownRegions = (
				en,
				Base,
			);
			mainGroup = 7EA75150285201C60004B458;
			productRefGroup = 7EA7515A285201C60004B458 /* Products */;
			projectDirPath = "";
			projectRoot = "";
			targets = (
				7EA75158285201C60004B458 /* MoviePlayer */,
				7EA7516E285201C70004B458 /* MoviePlayerTests */,
				7EA75178285201C70004B458 /* MoviePlayerUITests */,
			);
		};
/* End PBXProject section */

/* Begin PBXResourcesBuildPhase section */
		7EA75157285201C60004B458 /* Resources */ = {
			isa = PBXResourcesBuildPhase;
			buildActionMask = 2147483647;
			files = (
				7EA75196285330640004B458 /* Seascape.jpg in Resources */,
				7EA75169285201C70004B458 /* LaunchScreen.storyboard in Resources */,
				7EA75166285201C70004B458 /* Assets.xcassets in Resources */,
				7EA75197285330640004B458 /* Mountaineering.mov in Resources */,
				7EA75190285202130004B458 /* FastTyping.mp4 in Resources */,
				7EA751932853304B0004B458 /* Mountaineering.jpg in Resources */,
				7EA7518F285202130004B458 /* FastTyping.jpg in Resources */,
				7EA75191285202130004B458 /* Fireworks.jpg in Resources */,
				7EA75164285201C60004B458 /* Main.storyboard in Resources */,
			);
			runOnlyForDeploymentPostprocessing = 0;
		};
		7EA7516D285201C70004B458 /* Resources */ = {
			isa = PBXResourcesBuildPhase;
			buildActionMask = 2147483647;
			files = (
			);
			runOnlyForDeploymentPostprocessing = 0;
		};
		7EA75177285201C70004B458 /* Resources */ = {
			isa = PBXResourcesBuildPhase;
			buildActionMask = 2147483647;
			files = (
			);
			runOnlyForDeploymentPostprocessing = 0;
		};
/* End PBXResourcesBuildPhase section */

/* Begin PBXSourcesBuildPhase section */
		7EA75155285201C60004B458 /* Sources */ = {
			isa = PBXSourcesBuildPhase;
			buildActionMask = 2147483647;
			files = (
				7EA75161285201C60004B458 /* ViewController.swift in Sources */,
				7EA7515D285201C60004B458 /* AppDelegate.swift in Sources */,
				7EA7515F285201C60004B458 /* SceneDelegate.swift in Sources */,
			);
			runOnlyForDeploymentPostprocessing = 0;
		};
		7EA7516B285201C70004B458 /* Sources */ = {
			isa = PBXSourcesBuildPhase;
			buildActionMask = 2147483647;
			files = (
				7EA75174285201C70004B458 /* MoviePlayerTests.swift in Sources */,
			);
			runOnlyForDeploymentPostprocessing = 0;
		};
		7EA75175285201C70004B458 /* Sources */ = {
			isa = PBXSourcesBuildPhase;
			buildActionMask = 2147483647;
			files = (
				7EA75180285201C70004B458 /* MoviePlayerUITestsLaunchTests.swift in Sources */,
				7EA7517E285201C70004B458 /* MoviePlayerUITests.swift in Sources */,
			);
			runOnlyForDeploymentPostprocessing = 0;
		};
/* End PBXSourcesBuildPhase section */

/* Begin PBXTargetDependency section */
		7EA75171285201C70004B458 /* PBXTargetDependency */ = {
			isa = PBXTargetDependency;
			target = 7EA75158285201C60004B458 /* MoviePlayer */;
			targetProxy = 7EA75170285201C70004B458 /* PBXContainerItemProxy */;
		};
		7EA7517B285201C70004B458 /* PBXTargetDependency */ = {
			isa = PBXTargetDependency;
			target = 7EA75158285201C60004B458 /* MoviePlayer */;
			targetProxy = 7EA7517A285201C70004B458 /* PBXContainerItemProxy */;
		};
/* End PBXTargetDependency section */

/* Begin PBXVariantGroup section */
		7EA75162285201C60004B458 /* Main.storyboard */ = {
			isa = PBXVariantGroup;
			children = (
				7EA75163285201C60004B458 /* Base */,
			);
			name = Main.storyboard;
			sourceTree = "<group>";
		};
		7EA75167285201C70004B458 /* LaunchScreen.storyboard */ = {
			isa = PBXVariantGroup;
			children = (
				7EA75168285201C70004B458 /* Base */,
			);
			name = LaunchScreen.storyboard;
			sourceTree = "<group>";
		};
/* End PBXVariantGroup section */

/* Begin XCBuildConfiguration section */
		7EA75181285201C70004B458 /* Debug */ = {
			isa = XCBuildConfiguration;
			buildSettings = {
				ALWAYS_SEARCH_USER_PATHS = NO;
				CLANG_ANALYZER_NONNULL = YES;
				CLANG_ANALYZER_NUMBER_OBJECT_CONVERSION = YES_AGGRESSIVE;
				CLANG_CXX_LANGUAGE_STANDARD = "gnu++17";
				CLANG_ENABLE_MODULES = YES;
				CLANG_ENABLE_OBJC_ARC = YES;
				CLANG_ENABLE_OBJC_WEAK = YES;
				CLANG_WARN_BLOCK_CAPTURE_AUTORELEASING = YES;
				CLANG_WARN_BOOL_CONVERSION = YES;
				CLANG_WARN_COMMA = YES;
				CLANG_WARN_CONSTANT_CONVERSION = YES;
				CLANG_WARN_DEPRECATED_OBJC_IMPLEMENTATIONS = YES;
				CLANG_WARN_DIRECT_OBJC_ISA_USAGE = YES_ERROR;
				CLANG_WARN_DOCUMENTATION_COMMENTS = YES;
				CLANG_WARN_EMPTY_BODY = YES;
				CLANG_WARN_ENUM_CONVERSION = YES;
				CLANG_WARN_INFINITE_RECURSION = YES;
				CLANG_WARN_INT_CONVERSION = YES;
				CLANG_WARN_NON_LITERAL_NULL_CONVERSION = YES;
				CLANG_WARN_OBJC_IMPLICIT_RETAIN_SELF = YES;
				CLANG_WARN_OBJC_LITERAL_CONVERSION = YES;
				CLANG_WARN_OBJC_ROOT_CLASS = YES_ERROR;
				CLANG_WARN_QUOTED_INCLUDE_IN_FRAMEWORK_HEADER = YES;
				CLANG_WARN_RANGE_LOOP_ANALYSIS = YES;
				CLANG_WARN_STRICT_PROTOTYPES = YES;
				CLANG_WARN_SUSPICIOUS_MOVE = YES;
				CLANG_WARN_UNGUARDED_AVAILABILITY = YES_AGGRESSIVE;
				CLANG_WARN_UNREACHABLE_CODE = YES;
				CLANG_WARN__DUPLICATE_METHOD_MATCH = YES;
				COPY_PHASE_STRIP = NO;
				DEBUG_INFORMATION_FORMAT = dwarf;
				ENABLE_STRICT_OBJC_MSGSEND = YES;
				ENABLE_TESTABILITY = YES;
				GCC_C_LANGUAGE_STANDARD = gnu11;
				GCC_DYNAMIC_NO_PIC = NO;
				GCC_NO_COMMON_BLOCKS = YES;
				GCC_OPTIMIZATION_LEVEL = 0;
				GCC_PREPROCESSOR_DEFINITIONS = (
					"DEBUG=1",
					"$(inherited)",
				);
				GCC_WARN_64_TO_32_BIT_CONVERSION = YES;
				GCC_WARN_ABOUT_RETURN_TYPE = YES_ERROR;
				GCC_WARN_UNDECLARED_SELECTOR = YES;
				GCC_WARN_UNINITIALIZED_AUTOS = YES_AGGRESSIVE;
				GCC_WARN_UNUSED_FUNCTION = YES;
				GCC_WARN_UNUSED_VARIABLE = YES;
				IPHONEOS_DEPLOYMENT_TARGET = 15.5;
				MTL_ENABLE_DEBUG_INFO = INCLUDE_SOURCE;
				MTL_FAST_MATH = YES;
				ONLY_ACTIVE_ARCH = YES;
				SDKROOT = iphoneos;
				SWIFT_ACTIVE_COMPILATION_CONDITIONS = DEBUG;
				SWIFT_OPTIMIZATION_LEVEL = "-Onone";
			};
			name = Debug;
		};
		7EA75182285201C70004B458 /* Release */ = {
			isa = XCBuildConfiguration;
			buildSettings = {
				ALWAYS_SEARCH_USER_PATHS = NO;
				CLANG_ANALYZER_NONNULL = YES;
				CLANG_ANALYZER_NUMBER_OBJECT_CONVERSION = YES_AGGRESSIVE;
				CLANG_CXX_LANGUAGE_STANDARD = "gnu++17";
				CLANG_ENABLE_MODULES = YES;
				CLANG_ENABLE_OBJC_ARC = YES;
				CLANG_ENABLE_OBJC_WEAK = YES;
				CLANG_WARN_BLOCK_CAPTURE_AUTORELEASING = YES;
				CLANG_WARN_BOOL_CONVERSION = YES;
				CLANG_WARN_COMMA = YES;
				CLANG_WARN_CONSTANT_CONVERSION = YES;
				CLANG_WARN_DEPRECATED_OBJC_IMPLEMENTATIONS = YES;
				CLANG_WARN_DIRECT_OBJC_ISA_USAGE = YES_ERROR;
				CLANG_WARN_DOCUMENTATION_COMMENTS = YES;
				CLANG_WARN_EMPTY_BODY = YES;
				CLANG_WARN_ENUM_CONVERSION = YES;
				CLANG_WARN_INFINITE_RECURSION = YES;
				CLANG_WARN_INT_CONVERSION = YES;
				CLANG_WARN_NON_LITERAL_NULL_CONVERSION = YES;
				CLANG_WARN_OBJC_IMPLICIT_RETAIN_SELF = YES;
				CLANG_WARN_OBJC_LITERAL_CONVERSION = YES;
				CLANG_WARN_OBJC_ROOT_CLASS = YES_ERROR;
				CLANG_WARN_QUOTED_INCLUDE_IN_FRAMEWORK_HEADER = YES;
				CLANG_WARN_RANGE_LOOP_ANALYSIS = YES;
				CLANG_WARN_STRICT_PROTOTYPES = YES;
				CLANG_WARN_SUSPICIOUS_MOVE = YES;
				CLANG_WARN_UNGUARDED_AVAILABILITY = YES_AGGRESSIVE;
				CLANG_WARN_UNREACHABLE_CODE = YES;
				CLANG_WARN__DUPLICATE_METHOD_MATCH = YES;
				COPY_PHASE_STRIP = NO;
				DEBUG_INFORMATION_FORMAT = "dwarf-with-dsym";
				ENABLE_NS_ASSERTIONS = NO;
				ENABLE_STRICT_OBJC_MSGSEND = YES;
				GCC_C_LANGUAGE_STANDARD = gnu11;
				GCC_NO_COMMON_BLOCKS = YES;
				GCC_WARN_64_TO_32_BIT_CONVERSION = YES;
				GCC_WARN_ABOUT_RETURN_TYPE = YES_ERROR;
				GCC_WARN_UNDECLARED_SELECTOR = YES;
				GCC_WARN_UNINITIALIZED_AUTOS = YES_AGGRESSIVE;
				GCC_WARN_UNUSED_FUNCTION = YES;
				GCC_WARN_UNUSED_VARIABLE = YES;
				IPHONEOS_DEPLOYMENT_TARGET = 15.5;
				MTL_ENABLE_DEBUG_INFO = NO;
				MTL_FAST_MATH = YES;
				SDKROOT = iphoneos;
				SWIFT_COMPILATION_MODE = wholemodule;
				SWIFT_OPTIMIZATION_LEVEL = "-O";
				VALIDATE_PRODUCT = YES;
			};
			name = Release;
		};
		7EA75184285201C70004B458 /* Debug */ = {
			isa = XCBuildConfiguration;
			buildSettings = {
				ASSETCATALOG_COMPILER_APPICON_NAME = AppIcon;
				ASSETCATALOG_COMPILER_GLOBAL_ACCENT_COLOR_NAME = AccentColor;
				CODE_SIGN_STYLE = Automatic;
				CURRENT_PROJECT_VERSION = 1;
				GENERATE_INFOPLIST_FILE = YES;
				INFOPLIST_FILE = MoviePlayer/Info.plist;
				INFOPLIST_KEY_UIApplicationSupportsIndirectInputEvents = YES;
				INFOPLIST_KEY_UILaunchStoryboardName = LaunchScreen;
				INFOPLIST_KEY_UIMainStoryboardFile = Main;
				INFOPLIST_KEY_UISupportedInterfaceOrientations_iPad = "UIInterfaceOrientationPortrait UIInterfaceOrientationPortraitUpsideDown UIInterfaceOrientationLandscapeLeft UIInterfaceOrientationLandscapeRight";
				INFOPLIST_KEY_UISupportedInterfaceOrientations_iPhone = "UIInterfaceOrientationPortrait UIInterfaceOrientationLandscapeLeft UIInterfaceOrientationLandscapeRight";
				LD_RUNPATH_SEARCH_PATHS = (
					"$(inherited)",
					"@executable_path/Frameworks",
				);
				MARKETING_VERSION = 1.0;
				PRODUCT_BUNDLE_IDENTIFIER = com.shpark.MoviePlayer;
				PRODUCT_NAME = "$(TARGET_NAME)";
				SWIFT_EMIT_LOC_STRINGS = YES;
				SWIFT_VERSION = 5.0;
				TARGETED_DEVICE_FAMILY = "1,2";
			};
			name = Debug;
		};
		7EA75185285201C70004B458 /* Release */ = {
			isa = XCBuildConfiguration;
			buildSettings = {
				ASSETCATALOG_COMPILER_APPICON_NAME = AppIcon;
				ASSETCATALOG_COMPILER_GLOBAL_ACCENT_COLOR_NAME = AccentColor;
				CODE_SIGN_STYLE = Automatic;
				CURRENT_PROJECT_VERSION = 1;
				GENERATE_INFOPLIST_FILE = YES;
				INFOPLIST_FILE = MoviePlayer/Info.plist;
				INFOPLIST_KEY_UIApplicationSupportsIndirectInputEvents = YES;
				INFOPLIST_KEY_UILaunchStoryboardName = LaunchScreen;
				INFOPLIST_KEY_UIMainStoryboardFile = Main;
				INFOPLIST_KEY_UISupportedInterfaceOrientations_iPad = "UIInterfaceOrientationPortrait UIInterfaceOrientationPortraitUpsideDown UIInterfaceOrientationLandscapeLeft UIInterfaceOrientationLandscapeRight";
				INFOPLIST_KEY_UISupportedInterfaceOrientations_iPhone = "UIInterfaceOrientationPortrait UIInterfaceOrientationLandscapeLeft UIInterfaceOrientationLandscapeRight";
				LD_RUNPATH_SEARCH_PATHS = (
					"$(inherited)",
					"@executable_path/Frameworks",
				);
				MARKETING_VERSION = 1.0;
				PRODUCT_BUNDLE_IDENTIFIER = com.shpark.MoviePlayer;
				PRODUCT_NAME = "$(TARGET_NAME)";
				SWIFT_EMIT_LOC_STRINGS = YES;
				SWIFT_VERSION = 5.0;
				TARGETED_DEVICE_FAMILY = "1,2";
			};
			name = Release;
		};
		7EA75187285201C70004B458 /* Debug */ = {
			isa = XCBuildConfiguration;
			buildSettings = {
				ALWAYS_EMBED_SWIFT_STANDARD_LIBRARIES = YES;
				BUNDLE_LOADER = "$(TEST_HOST)";
				CODE_SIGN_STYLE = Automatic;
				CURRENT_PROJECT_VERSION = 1;
				GENERATE_INFOPLIST_FILE = YES;
				IPHONEOS_DEPLOYMENT_TARGET = 15.5;
				MARKETING_VERSION = 1.0;
				PRODUCT_BUNDLE_IDENTIFIER = com.shpark.MoviePlayerTests;
				PRODUCT_NAME = "$(TARGET_NAME)";
				SWIFT_EMIT_LOC_STRINGS = NO;
				SWIFT_VERSION = 5.0;
				TARGETED_DEVICE_FAMILY = "1,2";
				TEST_HOST = "$(BUILT_PRODUCTS_DIR)/MoviePlayer.app/MoviePlayer";
			};
			name = Debug;
		};
		7EA75188285201C70004B458 /* Release */ = {
			isa = XCBuildConfiguration;
			buildSettings = {
				ALWAYS_EMBED_SWIFT_STANDARD_LIBRARIES = YES;
				BUNDLE_LOADER = "$(TEST_HOST)";
				CODE_SIGN_STYLE = Automatic;
				CURRENT_PROJECT_VERSION = 1;
				GENERATE_INFOPLIST_FILE = YES;
				IPHONEOS_DEPLOYMENT_TARGET = 15.5;
				MARKETING_VERSION = 1.0;
				PRODUCT_BUNDLE_IDENTIFIER = com.shpark.MoviePlayerTests;
				PRODUCT_NAME = "$(TARGET_NAME)";
				SWIFT_EMIT_LOC_STRINGS = NO;
				SWIFT_VERSION = 5.0;
				TARGETED_DEVICE_FAMILY = "1,2";
				TEST_HOST = "$(BUILT_PRODUCTS_DIR)/MoviePlayer.app/MoviePlayer";
			};
			name = Release;
		};
		7EA7518A285201C70004B458 /* Debug */ = {
			isa = XCBuildConfiguration;
			buildSettings = {
				ALWAYS_EMBED_SWIFT_STANDARD_LIBRARIES = YES;
				CODE_SIGN_STYLE = Automatic;
				CURRENT_PROJECT_VERSION = 1;
				GENERATE_INFOPLIST_FILE = YES;
				MARKETING_VERSION = 1.0;
				PRODUCT_BUNDLE_IDENTIFIER = com.shpark.MoviePlayerUITests;
				PRODUCT_NAME = "$(TARGET_NAME)";
				SWIFT_EMIT_LOC_STRINGS = NO;
				SWIFT_VERSION = 5.0;
				TARGETED_DEVICE_FAMILY = "1,2";
				TEST_TARGET_NAME = MoviePlayer;
			};
			name = Debug;
		};
		7EA7518B285201C70004B458 /* Release */ = {
			isa = XCBuildConfiguration;
			buildSettings = {
				ALWAYS_EMBED_SWIFT_STANDARD_LIBRARIES = YES;
				CODE_SIGN_STYLE = Automatic;
				CURRENT_PROJECT_VERSION = 1;
				GENERATE_INFOPLIST_FILE = YES;
				MARKETING_VERSION = 1.0;
				PRODUCT_BUNDLE_IDENTIFIER = com.shpark.MoviePlayerUITests;
				PRODUCT_NAME = "$(TARGET_NAME)";
				SWIFT_EMIT_LOC_STRINGS = NO;
				SWIFT_VERSION = 5.0;
				TARGETED_DEVICE_FAMILY = "1,2";
				TEST_TARGET_NAME = MoviePlayer;
			};
			name = Release;
		};
/* End XCBuildConfiguration section */

/* Begin XCConfigurationList section */
		7EA75154285201C60004B458 /* Build configuration list for PBXProject "MoviePlayer" */ = {
			isa = XCConfigurationList;
			buildConfigurations = (
				7EA75181285201C70004B458 /* Debug */,
				7EA75182285201C70004B458 /* Release */,
			);
			defaultConfigurationIsVisible = 0;
			defaultConfigurationName = Release;
		};
		7EA75183285201C70004B458 /* Build configuration list for PBXNativeTarget "MoviePlayer" */ = {
			isa = XCConfigurationList;
			buildConfigurations = (
				7EA75184285201C70004B458 /* Debug */,
				7EA75185285201C70004B458 /* Release */,
			);
			defaultConfigurationIsVisible = 0;
			defaultConfigurationName = Release;
		};
		7EA75186285201C70004B458 /* Build configuration list for PBXNativeTarget "MoviePlayerTests" */ = {
			isa = XCConfigurationList;
			buildConfigurations = (
				7EA75187285201C70004B458 /* Debug */,
				7EA75188285201C70004B458 /* Release */,
			);
			defaultConfigurationIsVisible = 0;
			defaultConfigurationName = Release;
		};
		7EA75189285201C70004B458 /* Build configuration list for PBXNativeTarget "MoviePlayerUITests" */ = {
			isa = XCConfigurationList;
			buildConfigurations = (
				7EA7518A285201C70004B458 /* Debug */,
				7EA7518B285201C70004B458 /* Release */,
			);
			defaultConfigurationIsVisible = 0;
			defaultConfigurationName = Release;
		};
/* End XCConfigurationList section */
	};
	rootObject = 7EA75151285201C60004B458 /* Project object */;
}
